
Microsoft Visual Studio Solution File, Format Version 12.00
# Visual Studio 15
VisualStudioVersion = 15.0.26228.4
MinimumVisualStudioVersion = 10.0.40219.1
Project("{9A19103F-16F7-4668-BE54-9A1E7A4F7556}") = "Common", "Common\Common.csproj", "{E9F57F32-5A67-4FF7-91B0-03720E30F3F1}"
EndProject
Project("{9A19103F-16F7-4668-BE54-9A1E7A4F7556}") = "GPSLogger", "GPSLogger\GPSLogger.csproj", "{2F256617-80F9-41AB-BC07-B6E55F4F5C4A}"
EndProject
Project("{9A19103F-16F7-4668-BE54-9A1E7A4F7556}") = "Common.Tests", "Common.Tests\Common.Tests.csproj", "{C4746CD5-54E2-4966-A949-5C0E3BBC41DE}"
EndProject
Project("{9A19103F-16F7-4668-BE54-9A1E7A4F7556}") = "GPSLogger.Tests", "GPSLogger.Tests\GPSLogger.Tests.csproj", "{ECB5F583-C91F-4455-BBF8-484A292312ED}"
EndProject
Global
	GlobalSection(SolutionConfigurationPlatforms) = preSolution
		Debug|Any CPU = Debug|Any CPU
		Debug|x64 = Debug|x64
		Debug|x86 = Debug|x86
		Release|Any CPU = Release|Any CPU
		Release|x64 = Release|x64
		Release|x86 = Release|x86
	EndGlobalSection
	GlobalSection(ProjectConfigurationPlatforms) = postSolution
		{E9F57F32-5A67-4FF7-91B0-03720E30F3F1}.Debug|Any CPU.ActiveCfg = Debug|Any CPU
		{E9F57F32-5A67-4FF7-91B0-03720E30F3F1}.Debug|Any CPU.Build.0 = Debug|Any CPU
		{E9F57F32-5A67-4FF7-91B0-03720E30F3F1}.Debug|x64.ActiveCfg = Debug|Any CPU
		{E9F57F32-5A67-4FF7-91B0-03720E30F3F1}.Debug|x64.Build.0 = Debug|Any CPU
		{E9F57F32-5A67-4FF7-91B0-03720E30F3F1}.Debug|x86.ActiveCfg = Debug|Any CPU
		{E9F57F32-5A67-4FF7-91B0-03720E30F3F1}.Debug|x86.Build.0 = Debug|Any CPU
		{E9F57F32-5A67-4FF7-91B0-03720E30F3F1}.Release|Any CPU.ActiveCfg = Release|Any CPU
		{E9F57F32-5A67-4FF7-91B0-03720E30F3F1}.Release|Any CPU.Build.0 = Release|Any CPU
		{E9F57F32-5A67-4FF7-91B0-03720E30F3F1}.Release|x64.ActiveCfg = Release|Any CPU
		{E9F57F32-5A67-4FF7-91B0-03720E30F3F1}.Release|x64.Build.0 = Release|Any CPU
		{E9F57F32-5A67-4FF7-91B0-03720E30F3F1}.Release|x86.ActiveCfg = Release|Any CPU
		{E9F57F32-5A67-4FF7-91B0-03720E30F3F1}.Release|x86.Build.0 = Release|Any CPU
		{2F256617-80F9-41AB-BC07-B6E55F4F5C4A}.Debug|Any CPU.ActiveCfg = Debug|Any CPU
		{2F256617-80F9-41AB-BC07-B6E55F4F5C4A}.Debug|Any CPU.Build.0 = Debug|Any CPU
		{2F256617-80F9-41AB-BC07-B6E55F4F5C4A}.Debug|x64.ActiveCfg = Debug|Any CPU
		{2F256617-80F9-41AB-BC07-B6E55F4F5C4A}.Debug|x64.Build.0 = Debug|Any CPU
		{2F256617-80F9-41AB-BC07-B6E55F4F5C4A}.Debug|x86.ActiveCfg = Debug|Any CPU
		{2F256617-80F9-41AB-BC07-B6E55F4F5C4A}.Debug|x86.Build.0 = Debug|Any CPU
		{2F256617-80F9-41AB-BC07-B6E55F4F5C4A}.Release|Any CPU.ActiveCfg = Release|Any CPU
		{2F256617-80F9-41AB-BC07-B6E55F4F5C4A}.Release|Any CPU.Build.0 = Release|Any CPU
		{2F256617-80F9-41AB-BC07-B6E55F4F5C4A}.Release|x64.ActiveCfg = Release|Any CPU
		{2F256617-80F9-41AB-BC07-B6E55F4F5C4A}.Release|x64.Build.0 = Release|Any CPU
		{2F256617-80F9-41AB-BC07-B6E55F4F5C4A}.Release|x86.ActiveCfg = Release|Any CPU
		{2F256617-80F9-41AB-BC07-B6E55F4F5C4A}.Release|x86.Build.0 = Release|Any CPU
		{C4746CD5-54E2-4966-A949-5C0E3BBC41DE}.Debug|Any CPU.ActiveCfg = Debug|Any CPU
		{C4746CD5-54E2-4966-A949-5C0E3BBC41DE}.Debug|Any CPU.Build.0 = Debug|Any CPU
		{C4746CD5-54E2-4966-A949-5C0E3BBC41DE}.Debug|x64.ActiveCfg = Debug|Any CPU
		{C4746CD5-54E2-4966-A949-5C0E3BBC41DE}.Debug|x64.Build.0 = Debug|Any CPU
		{C4746CD5-54E2-4966-A949-5C0E3BBC41DE}.Debug|x86.ActiveCfg = Debug|Any CPU
		{C4746CD5-54E2-4966-A949-5C0E3BBC41DE}.Debug|x86.Build.0 = Debug|Any CPU
		{C4746CD5-54E2-4966-A949-5C0E3BBC41DE}.Release|Any CPU.ActiveCfg = Release|Any CPU
		{C4746CD5-54E2-4966-A949-5C0E3BBC41DE}.Release|Any CPU.Build.0 = Release|Any CPU
		{C4746CD5-54E2-4966-A949-5C0E3BBC41DE}.Release|x64.ActiveCfg = Release|Any CPU
		{C4746CD5-54E2-4966-A949-5C0E3BBC41DE}.Release|x64.Build.0 = Release|Any CPU
		{C4746CD5-54E2-4966-A949-5C0E3BBC41DE}.Release|x86.ActiveCfg = Release|Any CPU
		{C4746CD5-54E2-4966-A949-5C0E3BBC41DE}.Release|x86.Build.0 = Release|Any CPU
		{ECB5F583-C91F-4455-BBF8-484A292312ED}.Debug|Any CPU.ActiveCfg = Debug|Any CPU
		{ECB5F583-C91F-4455-BBF8-484A292312ED}.Debug|Any CPU.Build.0 = Debug|Any CPU
		{ECB5F583-C91F-4455-BBF8-484A292312ED}.Debug|x64.ActiveCfg = Debug|Any CPU
		{ECB5F583-C91F-4455-BBF8-484A292312ED}.Debug|x64.Build.0 = Debug|Any CPU
		{ECB5F583-C91F-4455-BBF8-484A292312ED}.Debug|x86.ActiveCfg = Debug|Any CPU
		{ECB5F583-C91F-4455-BBF8-484A292312ED}.Debug|x86.Build.0 = Debug|Any CPU
		{ECB5F583-C91F-4455-BBF8-484A292312ED}.Release|Any CPU.ActiveCfg = Release|Any CPU
		{ECB5F583-C91F-4455-BBF8-484A292312ED}.Release|Any CPU.Build.0 = Release|Any CPU
		{ECB5F583-C91F-4455-BBF8-484A292312ED}.Release|x64.ActiveCfg = Release|Any CPU
		{ECB5F583-C91F-4455-BBF8-484A292312ED}.Release|x64.Build.0 = Release|Any CPU
		{ECB5F583-C91F-4455-BBF8-484A292312ED}.Release|x86.ActiveCfg = Release|Any CPU
		{ECB5F583-C91F-4455-BBF8-484A292312ED}.Release|x86.Build.0 = Release|Any CPU
	EndGlobalSection
	GlobalSection(SolutionProperties) = preSolution
		HideSolutionNode = FALSE
	EndGlobalSection
EndGlobal
